
Microsoft Visual Studio Solution File, Format Version 12.00
# Visual Studio Express 2012 for Windows Desktop
Project("{FAE04EC0-301F-11D3-BF4B-00C04F79EFBC}") = "juego de cambio de palabras", "juego de cambio de palabras\juego de cambio de palabras.csproj", "{27ABF62C-3CF4-4884-A6E4-CFDE27B49456}"
EndProject
Global
	GlobalSection(SolutionConfigurationPlatforms) = preSolution
		Debug|Any CPU = Debug|Any CPU
		Release|Any CPU = Release|Any CPU
	EndGlobalSection
	GlobalSection(ProjectConfigurationPlatforms) = postSolution
		{27ABF62C-3CF4-4884-A6E4-CFDE27B49456}.Debug|Any CPU.ActiveCfg = Debug|Any CPU
		{27ABF62C-3CF4-4884-A6E4-CFDE27B49456}.Debug|Any CPU.Build.0 = Debug|Any CPU
		{27ABF62C-3CF4-4884-A6E4-CFDE27B49456}.Release|Any CPU.ActiveCfg = Release|Any CPU
		{27ABF62C-3CF4-4884-A6E4-CFDE27B49456}.Release|Any CPU.Build.0 = Release|Any CPU
	EndGlobalSection
	GlobalSection(SolutionProperties) = preSolution
		HideSolutionNode = FALSE
	EndGlobalSection
EndGlobal
